
Microsoft Visual Studio Solution File, Format Version 12.00
# Visual Studio Version 16
VisualStudioVersion = 16.0.32901.82
MinimumVisualStudioVersion = 10.0.40219.1
Project("{8BC9CEB8-8B4A-11D0-8D11-00A0C91BC942}") = "Manger", "Manger.vcxproj", "{A4D29310-3179-44A3-A7F8-B0CCF854FD61}"
EndProject
Global
	GlobalSection(SolutionConfigurationPlatforms) = preSolution
		Debug|x64 = Debug|x64
		Debug|x86 = Debug|x86
		Release|x64 = Release|x64
		Release|x86 = Release|x86
	EndGlobalSection
	GlobalSection(ProjectConfigurationPlatforms) = postSolution
		{A4D29310-3179-44A3-A7F8-B0CCF854FD61}.Debug|x64.ActiveCfg = Debug|x64
		{A4D29310-3179-44A3-A7F8-B0CCF854FD61}.Debug|x64.Build.0 = Debug|x64
		{A4D29310-3179-44A3-A7F8-B0CCF854FD61}.Debug|x86.ActiveCfg = Debug|Win32
		{A4D29310-3179-44A3-A7F8-B0CCF854FD61}.Debug|x86.Build.0 = Debug|Win32
		{A4D29310-3179-44A3-A7F8-B0CCF854FD61}.Release|x64.ActiveCfg = Release|x64
		{A4D29310-3179-44A3-A7F8-B0CCF854FD61}.Release|x64.Build.0 = Release|x64
		{A4D29310-3179-44A3-A7F8-B0CCF854FD61}.Release|x86.ActiveCfg = Release|Win32
		{A4D29310-3179-44A3-A7F8-B0CCF854FD61}.Release|x86.Build.0 = Release|Win32
	EndGlobalSection
	GlobalSection(SolutionProperties) = preSolution
		HideSolutionNode = FALSE
	EndGlobalSection
	GlobalSection(ExtensibilityGlobals) = postSolution
		SolutionGuid = {4626F5DD-C8FF-41CF-A91C-1CD68DFBF9B2}
	EndGlobalSection
EndGlobal
